Microsoft Visual Studio Solution File, Format Version 12.00
# Visual Studio Version 17
VisualStudioVersion = 17.4.33103.184
MinimumVisualStudioVersion = 10.0.40219.1
Project("{9A19103F-16F7-4668-BE54-9A1E7A4F7556}") = "BookShoppingCartMvcUI", "BookShoppingCartMvcUI\BookShoppingCartMvcUI.csproj", "{F5001577-BC72-4719-A300-461E318E9744}"
EndProject
Global
	GlobalSection(SolutionConfigurationPlatforms) = preSolution
		Debug|Any CPU = Debug|Any CPU
		Release|Any CPU = Release|Any CPU
	EndGlobalSection
	GlobalSection(ProjectConfigurationPlatforms) = postSolution
		{F5001577-BC72-4719-A300-461E318E9744}.Debug|Any CPU.ActiveCfg = Debug|Any CPU
		{F5001577-BC72-4719-A300-461E318E9744}.Debug|Any CPU.Build.0 = Debug|Any CPU
		{F5001577-BC72-4719-A300-461E318E9744}.Release|Any CPU.ActiveCfg = Release|Any CPU
		{F5001577-BC72-4719-A300-461E318E9744}.Release|Any CPU.Build.0 = Release|Any CPU
	EndGlobalSection
	GlobalSection(SolutionProperties) = preSolution
		HideSolutionNode = FALSE
	EndGlobalSection
	GlobalSection(ExtensibilityGlobals) = postSolution
		SolutionGuid = {6243B68A-C36A-498E-A3F9-E60B39E1AAEB}
	EndGlobalSection
EndGlobal
